
Microsoft Visual Studio Solution File, Format Version 12.00
# Visual Studio Version 16
VisualStudioVersion = 16.0.29418.71
MinimumVisualStudioVersion = 10.0.40219.1
Project("{9A19103F-16F7-4668-BE54-9A1E7A4F7556}") = "GoogleTable", "GoogleTable\GoogleTable.csproj", "{8C62EE6D-0BB5-4B4E-8509-8C8BBB3615C8}"
EndProject
Project("{9A19103F-16F7-4668-BE54-9A1E7A4F7556}") = "MovieDb", "MovieDb\MovieDb.csproj", "{FB2F1F94-717A-4610-A5D9-4296208A516E}"
EndProject
Project("{9A19103F-16F7-4668-BE54-9A1E7A4F7556}") = "TestMain", "TestMain\TestMain.csproj", "{D0861D1D-FB6D-47FE-A017-95E2DD232CFE}"
EndProject
Project("{9A19103F-16F7-4668-BE54-9A1E7A4F7556}") = "BusinessLogic", "BusinessLogic\BusinessLogic.csproj", "{F724BB8B-6FDD-40F8-9C0F-8FD504CE8F14}"
EndProject
Project("{FAE04EC0-301F-11D3-BF4B-00C04F79EFBC}") = "MobileUI.Android", "MobileUI\MobileUI.Android\MobileUI.Android.csproj", "{5FF6DF73-2AA7-495F-A271-4AE1D304D3D3}"
EndProject
Project("{FAE04EC0-301F-11D3-BF4B-00C04F79EFBC}") = "MobileUI.iOS", "MobileUI\MobileUI.iOS\MobileUI.iOS.csproj", "{80ABF9C9-020B-4903-9B8F-5D4A5DACFA4B}"
EndProject
Project("{FAE04EC0-301F-11D3-BF4B-00C04F79EFBC}") = "MobileUI", "MobileUI\MobileUI\MobileUI.csproj", "{327D5EEC-DE28-43C4-B587-62E9755DB009}"
EndProject
Global
	GlobalSection(SolutionConfigurationPlatforms) = preSolution
		Debug|Any CPU = Debug|Any CPU
		Debug|iPhone = Debug|iPhone
		Debug|iPhoneSimulator = Debug|iPhoneSimulator
		Release|Any CPU = Release|Any CPU
		Release|iPhone = Release|iPhone
		Release|iPhoneSimulator = Release|iPhoneSimulator
	EndGlobalSection
	GlobalSection(ProjectConfigurationPlatforms) = postSolution
		{8C62EE6D-0BB5-4B4E-8509-8C8BBB3615C8}.Debug|Any CPU.ActiveCfg = Debug|Any CPU
		{8C62EE6D-0BB5-4B4E-8509-8C8BBB3615C8}.Debug|Any CPU.Build.0 = Debug|Any CPU
		{8C62EE6D-0BB5-4B4E-8509-8C8BBB3615C8}.Debug|iPhone.ActiveCfg = Debug|Any CPU
		{8C62EE6D-0BB5-4B4E-8509-8C8BBB3615C8}.Debug|iPhone.Build.0 = Debug|Any CPU
		{8C62EE6D-0BB5-4B4E-8509-8C8BBB3615C8}.Debug|iPhoneSimulator.ActiveCfg = Debug|Any CPU
		{8C62EE6D-0BB5-4B4E-8509-8C8BBB3615C8}.Debug|iPhoneSimulator.Build.0 = Debug|Any CPU
		{8C62EE6D-0BB5-4B4E-8509-8C8BBB3615C8}.Release|Any CPU.ActiveCfg = Release|Any CPU
		{8C62EE6D-0BB5-4B4E-8509-8C8BBB3615C8}.Release|Any CPU.Build.0 = Release|Any CPU
		{8C62EE6D-0BB5-4B4E-8509-8C8BBB3615C8}.Release|iPhone.ActiveCfg = Release|Any CPU
		{8C62EE6D-0BB5-4B4E-8509-8C8BBB3615C8}.Release|iPhone.Build.0 = Release|Any CPU
		{8C62EE6D-0BB5-4B4E-8509-8C8BBB3615C8}.Release|iPhoneSimulator.ActiveCfg = Release|Any CPU
		{8C62EE6D-0BB5-4B4E-8509-8C8BBB3615C8}.Release|iPhoneSimulator.Build.0 = Release|Any CPU
		{FB2F1F94-717A-4610-A5D9-4296208A516E}.Debug|Any CPU.ActiveCfg = Debug|Any CPU
		{FB2F1F94-717A-4610-A5D9-4296208A516E}.Debug|Any CPU.Build.0 = Debug|Any CPU
		{FB2F1F94-717A-4610-A5D9-4296208A516E}.Debug|iPhone.ActiveCfg = Debug|Any CPU
		{FB2F1F94-717A-4610-A5D9-4296208A516E}.Debug|iPhone.Build.0 = Debug|Any CPU
		{FB2F1F94-717A-4610-A5D9-4296208A516E}.Debug|iPhoneSimulator.ActiveCfg = Debug|Any CPU
		{FB2F1F94-717A-4610-A5D9-4296208A516E}.Debug|iPhoneSimulator.Build.0 = Debug|Any CPU
		{FB2F1F94-717A-4610-A5D9-4296208A516E}.Release|Any CPU.ActiveCfg = Release|Any CPU
		{FB2F1F94-717A-4610-A5D9-4296208A516E}.Release|Any CPU.Build.0 = Release|Any CPU
		{FB2F1F94-717A-4610-A5D9-4296208A516E}.Release|iPhone.ActiveCfg = Release|Any CPU
		{FB2F1F94-717A-4610-A5D9-4296208A516E}.Release|iPhone.Build.0 = Release|Any CPU
		{FB2F1F94-717A-4610-A5D9-4296208A516E}.Release|iPhoneSimulator.ActiveCfg = Release|Any CPU
		{FB2F1F94-717A-4610-A5D9-4296208A516E}.Release|iPhoneSimulator.Build.0 = Release|Any CPU
		{D0861D1D-FB6D-47FE-A017-95E2DD232CFE}.Debug|Any CPU.ActiveCfg = Debug|Any CPU
		{D0861D1D-FB6D-47FE-A017-95E2DD232CFE}.Debug|Any CPU.Build.0 = Debug|Any CPU
		{D0861D1D-FB6D-47FE-A017-95E2DD232CFE}.Debug|iPhone.ActiveCfg = Debug|Any CPU
		{D0861D1D-FB6D-47FE-A017-95E2DD232CFE}.Debug|iPhone.Build.0 = Debug|Any CPU
		{D0861D1D-FB6D-47FE-A017-95E2DD232CFE}.Debug|iPhoneSimulator.ActiveCfg = Debug|Any CPU
		{D0861D1D-FB6D-47FE-A017-95E2DD232CFE}.Debug|iPhoneSimulator.Build.0 = Debug|Any CPU
		{D0861D1D-FB6D-47FE-A017-95E2DD232CFE}.Release|Any CPU.ActiveCfg = Release|Any CPU
		{D0861D1D-FB6D-47FE-A017-95E2DD232CFE}.Release|Any CPU.Build.0 = Release|Any CPU
		{D0861D1D-FB6D-47FE-A017-95E2DD232CFE}.Release|iPhone.ActiveCfg = Release|Any CPU
		{D0861D1D-FB6D-47FE-A017-95E2DD232CFE}.Release|iPhone.Build.0 = Release|Any CPU
		{D0861D1D-FB6D-47FE-A017-95E2DD232CFE}.Release|iPhoneSimulator.ActiveCfg = Release|Any CPU
		{D0861D1D-FB6D-47FE-A017-95E2DD232CFE}.Release|iPhoneSimulator.Build.0 = Release|Any CPU
		{F724BB8B-6FDD-40F8-9C0F-8FD504CE8F14}.Debug|Any CPU.ActiveCfg = Debug|Any CPU
		{F724BB8B-6FDD-40F8-9C0F-8FD504CE8F14}.Debug|Any CPU.Build.0 = Debug|Any CPU
		{F724BB8B-6FDD-40F8-9C0F-8FD504CE8F14}.Debug|iPhone.ActiveCfg = Debug|Any CPU
		{F724BB8B-6FDD-40F8-9C0F-8FD504CE8F14}.Debug|iPhone.Build.0 = Debug|Any CPU
		{F724BB8B-6FDD-40F8-9C0F-8FD504CE8F14}.Debug|iPhoneSimulator.ActiveCfg = Debug|Any CPU
		{F724BB8B-6FDD-40F8-9C0F-8FD504CE8F14}.Debug|iPhoneSimulator.Build.0 = Debug|Any CPU
		{F724BB8B-6FDD-40F8-9C0F-8FD504CE8F14}.Release|Any CPU.ActiveCfg = Release|Any CPU
		{F724BB8B-6FDD-40F8-9C0F-8FD504CE8F14}.Release|Any CPU.Build.0 = Release|Any CPU
		{F724BB8B-6FDD-40F8-9C0F-8FD504CE8F14}.Release|iPhone.ActiveCfg = Release|Any CPU
		{F724BB8B-6FDD-40F8-9C0F-8FD504CE8F14}.Release|iPhone.Build.0 = Release|Any CPU
		{F724BB8B-6FDD-40F8-9C0F-8FD504CE8F14}.Release|iPhoneSimulator.ActiveCfg = Release|Any CPU
		{F724BB8B-6FDD-40F8-9C0F-8FD504CE8F14}.Release|iPhoneSimulator.Build.0 = Release|Any CPU
		{5FF6DF73-2AA7-495F-A271-4AE1D304D3D3}.Debug|Any CPU.ActiveCfg = Debug|Any CPU
		{5FF6DF73-2AA7-495F-A271-4AE1D304D3D3}.Debug|Any CPU.Build.0 = Debug|Any CPU
		{5FF6DF73-2AA7-495F-A271-4AE1D304D3D3}.Debug|Any CPU.Deploy.0 = Debug|Any CPU
		{5FF6DF73-2AA7-495F-A271-4AE1D304D3D3}.Debug|iPhone.ActiveCfg = Debug|Any CPU
		{5FF6DF73-2AA7-495F-A271-4AE1D304D3D3}.Debug|iPhone.Build.0 = Debug|Any CPU
		{5FF6DF73-2AA7-495F-A271-4AE1D304D3D3}.Debug|iPhone.Deploy.0 = Debug|Any CPU
		{5FF6DF73-2AA7-495F-A271-4AE1D304D3D3}.Debug|iPhoneSimulator.ActiveCfg = Debug|Any CPU
		{5FF6DF73-2AA7-495F-A271-4AE1D304D3D3}.Debug|iPhoneSimulator.Build.0 = Debug|Any CPU
		{5FF6DF73-2AA7-495F-A271-4AE1D304D3D3}.Debug|iPhoneSimulator.Deploy.0 = Debug|Any CPU
		{5FF6DF73-2AA7-495F-A271-4AE1D304D3D3}.Release|Any CPU.ActiveCfg = Release|Any CPU
		{5FF6DF73-2AA7-495F-A271-4AE1D304D3D3}.Release|Any CPU.Build.0 = Release|Any CPU
		{5FF6DF73-2AA7-495F-A271-4AE1D304D3D3}.Release|Any CPU.Deploy.0 = Release|Any CPU
		{5FF6DF73-2AA7-495F-A271-4AE1D304D3D3}.Release|iPhone.ActiveCfg = Release|Any CPU
		{5FF6DF73-2AA7-495F-A271-4AE1D304D3D3}.Release|iPhone.Build.0 = Release|Any CPU
		{5FF6DF73-2AA7-495F-A271-4AE1D304D3D3}.Release|iPhone.Deploy.0 = Release|Any CPU
		{5FF6DF73-2AA7-495F-A271-4AE1D304D3D3}.Release|iPhoneSimulator.ActiveCfg = Release|Any CPU
		{5FF6DF73-2AA7-495F-A271-4AE1D304D3D3}.Release|iPhoneSimulator.Build.0 = Release|Any CPU
		{5FF6DF73-2AA7-495F-A271-4AE1D304D3D3}.Release|iPhoneSimulator.Deploy.0 = Release|Any CPU
		{80ABF9C9-020B-4903-9B8F-5D4A5DACFA4B}.Debug|Any CPU.ActiveCfg = Debug|iPhone
		{80ABF9C9-020B-4903-9B8F-5D4A5DACFA4B}.Debug|iPhone.ActiveCfg = Debug|iPhone
		{80ABF9C9-020B-4903-9B8F-5D4A5DACFA4B}.Debug|iPhone.Build.0 = Debug|iPhone
		{80ABF9C9-020B-4903-9B8F-5D4A5DACFA4B}.Debug|iPhoneSimulator.ActiveCfg = Debug|iPhoneSimulator
		{80ABF9C9-020B-4903-9B8F-5D4A5DACFA4B}.Debug|iPhoneSimulator.Build.0 = Debug|iPhoneSimulator
		{80ABF9C9-020B-4903-9B8F-5D4A5DACFA4B}.Release|Any CPU.ActiveCfg = Release|iPhone
		{80ABF9C9-020B-4903-9B8F-5D4A5DACFA4B}.Release|iPhone.ActiveCfg = Release|iPhone
		{80ABF9C9-020B-4903-9B8F-5D4A5DACFA4B}.Release|iPhone.Build.0 = Release|iPhone
		{80ABF9C9-020B-4903-9B8F-5D4A5DACFA4B}.Release|iPhoneSimulator.ActiveCfg = Release|iPhoneSimulator
		{80ABF9C9-020B-4903-9B8F-5D4A5DACFA4B}.Release|iPhoneSimulator.Build.0 = Release|iPhoneSimulator
		{327D5EEC-DE28-43C4-B587-62E9755DB009}.Debug|Any CPU.ActiveCfg = Debug|Any CPU
		{327D5EEC-DE28-43C4-B587-62E9755DB009}.Debug|Any CPU.Build.0 = Debug|Any CPU
		{327D5EEC-DE28-43C4-B587-62E9755DB009}.Debug|iPhone.ActiveCfg = Debug|Any CPU
		{327D5EEC-DE28-43C4-B587-62E9755DB009}.Debug|iPhone.Build.0 = Debug|Any CPU
		{327D5EEC-DE28-43C4-B587-62E9755DB009}.Debug|iPhoneSimulator.ActiveCfg = Debug|Any CPU
		{327D5EEC-DE28-43C4-B587-62E9755DB009}.Debug|iPhoneSimulator.Build.0 = Debug|Any CPU
		{327D5EEC-DE28-43C4-B587-62E9755DB009}.Release|Any CPU.ActiveCfg = Release|Any CPU
		{327D5EEC-DE28-43C4-B587-62E9755DB009}.Release|Any CPU.Build.0 = Release|Any CPU
		{327D5EEC-DE28-43C4-B587-62E9755DB009}.Release|iPhone.ActiveCfg = Release|Any CPU
		{327D5EEC-DE28-43C4-B587-62E9755DB009}.Release|iPhone.Build.0 = Release|Any CPU
		{327D5EEC-DE28-43C4-B587-62E9755DB009}.Release|iPhoneSimulator.ActiveCfg = Release|Any CPU
		{327D5EEC-DE28-43C4-B587-62E9755DB009}.Release|iPhoneSimulator.Build.0 = Release|Any CPU
	EndGlobalSection
	GlobalSection(SolutionProperties) = preSolution
		HideSolutionNode = FALSE
	EndGlobalSection
	GlobalSection(ExtensibilityGlobals) = postSolution
		SolutionGuid = {3DD508C3-D7F6-47DB-96F1-C587DC74411C}
	EndGlobalSection
EndGlobal
